
Microsoft Visual Studio Solution File, Format Version 12.00
# Visual Studio Version 17
VisualStudioVersion = 17.12.35707.178
MinimumVisualStudioVersion = 10.0.40219.1
Project("{8BC9CEB8-8B4A-11D0-8D11-00A0C91BC942}") = "Week3", "Project4\Project4.vcxproj", "{12A89F8B-EBDD-45E8-9E3B-EF30230A9B99}"
EndProject
Project("{8BC9CEB8-8B4A-11D0-8D11-00A0C91BC942}") = "quickSortAssignment", "quick\quick.vcxproj", "{C8F517E0-DF94-4F29-A36D-3D69471511EC}"
EndProject
Project("{8BC9CEB8-8B4A-11D0-8D11-00A0C91BC942}") = "MergeSortPractice", "MergeSortPractice\MergeSortPractice.vcxproj", "{EC99EAD5-E108-433B-AFFB-A5FA9C2C0671}"
EndProject
Project("{8BC9CEB8-8B4A-11D0-8D11-00A0C91BC942}") = "Week4", "Week4\Week4.vcxproj", "{20B3417C-514D-4C1E-8A11-BC3E94214503}"
EndProject
Project("{8BC9CEB8-8B4A-11D0-8D11-00A0C91BC942}") = "Week5", "Week5\Week5.vcxproj", "{E09260BF-BAE8-4C22-8A7A-02E0B80BB652}"
EndProject
Project("{8BC9CEB8-8B4A-11D0-8D11-00A0C91BC942}") = "Week6", "Week6\Week6.vcxproj", "{6E6291B8-92D7-4677-9081-915C0FCB9937}"
EndProject
Project("{8BC9CEB8-8B4A-11D0-8D11-00A0C91BC942}") = "Week7", "Week7\Week7.vcxproj", "{262C42FB-29E2-4AD2-9938-BF5CA0653BFB}"
EndProject
Project("{8BC9CEB8-8B4A-11D0-8D11-00A0C91BC942}") = "Week9", "Week9\Week9.vcxproj", "{57B5DFBA-D2DF-4FBA-81AF-78E404AE4E8F}"
EndProject
Project("{8BC9CEB8-8B4A-11D0-8D11-00A0C91BC942}") = "Knapsack", "Knapsack\Knapsack.vcxproj", "{D4C3E644-6A38-4C25-AE82-ECB80E84ABE6}"
EndProject
Project("{8BC9CEB8-8B4A-11D0-8D11-00A0C91BC942}") = "BubbleSort", "BubbleSort\BubbleSort.vcxproj", "{387F4A5B-F225-4DB8-9869-6EAD9496787B}"
EndProject
Project("{8BC9CEB8-8B4A-11D0-8D11-00A0C91BC942}") = "selectionSort", "SelectionSort\SelectionSort.vcxproj", "{70E329D1-086D-4E02-99BD-5C49491802F2}"
EndProject
Project("{8BC9CEB8-8B4A-11D0-8D11-00A0C91BC942}") = "InsertionSort", "InsertionSort\InsertionSort.vcxproj", "{AA5FBBEA-6E0D-4503-B534-AEFB1CF99A18}"
EndProject
Project("{8BC9CEB8-8B4A-11D0-8D11-00A0C91BC942}") = "ShellSort", "ShellSort\ShellSort.vcxproj", "{B40D43C6-9FDD-45EF-A70D-92FBA2A3DDAF}"
EndProject
Project("{8BC9CEB8-8B4A-11D0-8D11-00A0C91BC942}") = "MazeSearch", "MazeSearch\MazeSearch.vcxproj", "{1E6500DD-C3FF-4588-B09A-5524A5C8CA48}"
EndProject
Global
	GlobalSection(SolutionConfigurationPlatforms) = preSolution
		Debug|x64 = Debug|x64
		Debug|x86 = Debug|x86
		Release|x64 = Release|x64
		Release|x86 = Release|x86
	EndGlobalSection
	GlobalSection(ProjectConfigurationPlatforms) = postSolution
		{12A89F8B-EBDD-45E8-9E3B-EF30230A9B99}.Debug|x64.ActiveCfg = Debug|x64
		{12A89F8B-EBDD-45E8-9E3B-EF30230A9B99}.Debug|x64.Build.0 = Debug|x64
		{12A89F8B-EBDD-45E8-9E3B-EF30230A9B99}.Debug|x86.ActiveCfg = Debug|Win32
		{12A89F8B-EBDD-45E8-9E3B-EF30230A9B99}.Debug|x86.Build.0 = Debug|Win32
		{12A89F8B-EBDD-45E8-9E3B-EF30230A9B99}.Release|x64.ActiveCfg = Release|x64
		{12A89F8B-EBDD-45E8-9E3B-EF30230A9B99}.Release|x64.Build.0 = Release|x64
		{12A89F8B-EBDD-45E8-9E3B-EF30230A9B99}.Release|x86.ActiveCfg = Release|Win32
		{12A89F8B-EBDD-45E8-9E3B-EF30230A9B99}.Release|x86.Build.0 = Release|Win32
		{C8F517E0-DF94-4F29-A36D-3D69471511EC}.Debug|x64.ActiveCfg = Debug|x64
		{C8F517E0-DF94-4F29-A36D-3D69471511EC}.Debug|x64.Build.0 = Debug|x64
		{C8F517E0-DF94-4F29-A36D-3D69471511EC}.Debug|x86.ActiveCfg = Debug|Win32
		{C8F517E0-DF94-4F29-A36D-3D69471511EC}.Debug|x86.Build.0 = Debug|Win32
		{C8F517E0-DF94-4F29-A36D-3D69471511EC}.Release|x64.ActiveCfg = Release|x64
		{C8F517E0-DF94-4F29-A36D-3D69471511EC}.Release|x64.Build.0 = Release|x64
		{C8F517E0-DF94-4F29-A36D-3D69471511EC}.Release|x86.ActiveCfg = Release|Win32
		{C8F517E0-DF94-4F29-A36D-3D69471511EC}.Release|x86.Build.0 = Release|Win32
		{EC99EAD5-E108-433B-AFFB-A5FA9C2C0671}.Debug|x64.ActiveCfg = Debug|x64
		{EC99EAD5-E108-433B-AFFB-A5FA9C2C0671}.Debug|x64.Build.0 = Debug|x64
		{EC99EAD5-E108-433B-AFFB-A5FA9C2C0671}.Debug|x86.ActiveCfg = Debug|Win32
		{EC99EAD5-E108-433B-AFFB-A5FA9C2C0671}.Debug|x86.Build.0 = Debug|Win32
		{EC99EAD5-E108-433B-AFFB-A5FA9C2C0671}.Release|x64.ActiveCfg = Release|x64
		{EC99EAD5-E108-433B-AFFB-A5FA9C2C0671}.Release|x64.Build.0 = Release|x64
		{EC99EAD5-E108-433B-AFFB-A5FA9C2C0671}.Release|x86.ActiveCfg = Release|Win32
		{EC99EAD5-E108-433B-AFFB-A5FA9C2C0671}.Release|x86.Build.0 = Release|Win32
		{20B3417C-514D-4C1E-8A11-BC3E94214503}.Debug|x64.ActiveCfg = Debug|x64
		{20B3417C-514D-4C1E-8A11-BC3E94214503}.Debug|x64.Build.0 = Debug|x64
		{20B3417C-514D-4C1E-8A11-BC3E94214503}.Debug|x86.ActiveCfg = Debug|Win32
		{20B3417C-514D-4C1E-8A11-BC3E94214503}.Debug|x86.Build.0 = Debug|Win32
		{20B3417C-514D-4C1E-8A11-BC3E94214503}.Release|x64.ActiveCfg = Release|x64
		{20B3417C-514D-4C1E-8A11-BC3E94214503}.Release|x64.Build.0 = Release|x64
		{20B3417C-514D-4C1E-8A11-BC3E94214503}.Release|x86.ActiveCfg = Release|Win32
		{20B3417C-514D-4C1E-8A11-BC3E94214503}.Release|x86.Build.0 = Release|Win32
		{E09260BF-BAE8-4C22-8A7A-02E0B80BB652}.Debug|x64.ActiveCfg = Debug|x64
		{E09260BF-BAE8-4C22-8A7A-02E0B80BB652}.Debug|x64.Build.0 = Debug|x64
		{E09260BF-BAE8-4C22-8A7A-02E0B80BB652}.Debug|x86.ActiveCfg = Debug|Win32
		{E09260BF-BAE8-4C22-8A7A-02E0B80BB652}.Debug|x86.Build.0 = Debug|Win32
		{E09260BF-BAE8-4C22-8A7A-02E0B80BB652}.Release|x64.ActiveCfg = Release|x64
		{E09260BF-BAE8-4C22-8A7A-02E0B80BB652}.Release|x64.Build.0 = Release|x64
		{E09260BF-BAE8-4C22-8A7A-02E0B80BB652}.Release|x86.ActiveCfg = Release|Win32
		{E09260BF-BAE8-4C22-8A7A-02E0B80BB652}.Release|x86.Build.0 = Release|Win32
		{6E6291B8-92D7-4677-9081-915C0FCB9937}.Debug|x64.ActiveCfg = Debug|x64
		{6E6291B8-92D7-4677-9081-915C0FCB9937}.Debug|x64.Build.0 = Debug|x64
		{6E6291B8-92D7-4677-9081-915C0FCB9937}.Debug|x86.ActiveCfg = Debug|Win32
		{6E6291B8-92D7-4677-9081-915C0FCB9937}.Debug|x86.Build.0 = Debug|Win32
		{6E6291B8-92D7-4677-9081-915C0FCB9937}.Release|x64.ActiveCfg = Release|x64
		{6E6291B8-92D7-4677-9081-915C0FCB9937}.Release|x64.Build.0 = Release|x64
		{6E6291B8-92D7-4677-9081-915C0FCB9937}.Release|x86.ActiveCfg = Release|Win32
		{6E6291B8-92D7-4677-9081-915C0FCB9937}.Release|x86.Build.0 = Release|Win32
		{262C42FB-29E2-4AD2-9938-BF5CA0653BFB}.Debug|x64.ActiveCfg = Debug|x64
		{262C42FB-29E2-4AD2-9938-BF5CA0653BFB}.Debug|x64.Build.0 = Debug|x64
		{262C42FB-29E2-4AD2-9938-BF5CA0653BFB}.Debug|x86.ActiveCfg = Debug|Win32
		{262C42FB-29E2-4AD2-9938-BF5CA0653BFB}.Debug|x86.Build.0 = Debug|Win32
		{262C42FB-29E2-4AD2-9938-BF5CA0653BFB}.Release|x64.ActiveCfg = Release|x64
		{262C42FB-29E2-4AD2-9938-BF5CA0653BFB}.Release|x64.Build.0 = Release|x64
		{262C42FB-29E2-4AD2-9938-BF5CA0653BFB}.Release|x86.ActiveCfg = Release|Win32
		{262C42FB-29E2-4AD2-9938-BF5CA0653BFB}.Release|x86.Build.0 = Release|Win32
		{57B5DFBA-D2DF-4FBA-81AF-78E404AE4E8F}.Debug|x64.ActiveCfg = Debug|x64
		{57B5DFBA-D2DF-4FBA-81AF-78E404AE4E8F}.Debug|x64.Build.0 = Debug|x64
		{57B5DFBA-D2DF-4FBA-81AF-78E404AE4E8F}.Debug|x86.ActiveCfg = Debug|Win32
		{57B5DFBA-D2DF-4FBA-81AF-78E404AE4E8F}.Debug|x86.Build.0 = Debug|Win32
		{57B5DFBA-D2DF-4FBA-81AF-78E404AE4E8F}.Release|x64.ActiveCfg = Release|x64
		{57B5DFBA-D2DF-4FBA-81AF-78E404AE4E8F}.Release|x64.Build.0 = Release|x64
		{57B5DFBA-D2DF-4FBA-81AF-78E404AE4E8F}.Release|x86.ActiveCfg = Release|Win32
		{57B5DFBA-D2DF-4FBA-81AF-78E404AE4E8F}.Release|x86.Build.0 = Release|Win32
		{D4C3E644-6A38-4C25-AE82-ECB80E84ABE6}.Debug|x64.ActiveCfg = Debug|x64
		{D4C3E644-6A38-4C25-AE82-ECB80E84ABE6}.Debug|x64.Build.0 = Debug|x64
		{D4C3E644-6A38-4C25-AE82-ECB80E84ABE6}.Debug|x86.ActiveCfg = Debug|Win32
		{D4C3E644-6A38-4C25-AE82-ECB80E84ABE6}.Debug|x86.Build.0 = Debug|Win32
		{D4C3E644-6A38-4C25-AE82-ECB80E84ABE6}.Release|x64.ActiveCfg = Release|x64
		{D4C3E644-6A38-4C25-AE82-ECB80E84ABE6}.Release|x64.Build.0 = Release|x64
		{D4C3E644-6A38-4C25-AE82-ECB80E84ABE6}.Release|x86.ActiveCfg = Release|Win32
		{D4C3E644-6A38-4C25-AE82-ECB80E84ABE6}.Release|x86.Build.0 = Release|Win32
		{387F4A5B-F225-4DB8-9869-6EAD9496787B}.Debug|x64.ActiveCfg = Debug|x64
		{387F4A5B-F225-4DB8-9869-6EAD9496787B}.Debug|x64.Build.0 = Debug|x64
		{387F4A5B-F225-4DB8-9869-6EAD9496787B}.Debug|x86.ActiveCfg = Debug|Win32
		{387F4A5B-F225-4DB8-9869-6EAD9496787B}.Debug|x86.Build.0 = Debug|Win32
		{387F4A5B-F225-4DB8-9869-6EAD9496787B}.Release|x64.ActiveCfg = Release|x64
		{387F4A5B-F225-4DB8-9869-6EAD9496787B}.Release|x64.Build.0 = Release|x64
		{387F4A5B-F225-4DB8-9869-6EAD9496787B}.Release|x86.ActiveCfg = Release|Win32
		{387F4A5B-F225-4DB8-9869-6EAD9496787B}.Release|x86.Build.0 = Release|Win32
		{70E329D1-086D-4E02-99BD-5C49491802F2}.Debug|x64.ActiveCfg = Debug|x64
		{70E329D1-086D-4E02-99BD-5C49491802F2}.Debug|x64.Build.0 = Debug|x64
		{70E329D1-086D-4E02-99BD-5C49491802F2}.Debug|x86.ActiveCfg = Debug|Win32
		{70E329D1-086D-4E02-99BD-5C49491802F2}.Debug|x86.Build.0 = Debug|Win32
		{70E329D1-086D-4E02-99BD-5C49491802F2}.Release|x64.ActiveCfg = Release|x64
		{70E329D1-086D-4E02-99BD-5C49491802F2}.Release|x64.Build.0 = Release|x64
		{70E329D1-086D-4E02-99BD-5C49491802F2}.Release|x86.ActiveCfg = Release|Win32
		{70E329D1-086D-4E02-99BD-5C49491802F2}.Release|x86.Build.0 = Release|Win32
		{AA5FBBEA-6E0D-4503-B534-AEFB1CF99A18}.Debug|x64.ActiveCfg = Debug|x64
		{AA5FBBEA-6E0D-4503-B534-AEFB1CF99A18}.Debug|x64.Build.0 = Debug|x64
		{AA5FBBEA-6E0D-4503-B534-AEFB1CF99A18}.Debug|x86.ActiveCfg = Debug|Win32
		{AA5FBBEA-6E0D-4503-B534-AEFB1CF99A18}.Debug|x86.Build.0 = Debug|Win32
		{AA5FBBEA-6E0D-4503-B534-AEFB1CF99A18}.Release|x64.ActiveCfg = Release|x64
		{AA5FBBEA-6E0D-4503-B534-AEFB1CF99A18}.Release|x64.Build.0 = Release|x64
		{AA5FBBEA-6E0D-4503-B534-AEFB1CF99A18}.Release|x86.ActiveCfg = Release|Win32
		{AA5FBBEA-6E0D-4503-B534-AEFB1CF99A18}.Release|x86.Build.0 = Release|Win32
		{B40D43C6-9FDD-45EF-A70D-92FBA2A3DDAF}.Debug|x64.ActiveCfg = Debug|x64
		{B40D43C6-9FDD-45EF-A70D-92FBA2A3DDAF}.Debug|x64.Build.0 = Debug|x64
		{B40D43C6-9FDD-45EF-A70D-92FBA2A3DDAF}.Debug|x86.ActiveCfg = Debug|Win32
		{B40D43C6-9FDD-45EF-A70D-92FBA2A3DDAF}.Debug|x86.Build.0 = Debug|Win32
		{B40D43C6-9FDD-45EF-A70D-92FBA2A3DDAF}.Release|x64.ActiveCfg = Release|x64
		{B40D43C6-9FDD-45EF-A70D-92FBA2A3DDAF}.Release|x64.Build.0 = Release|x64
		{B40D43C6-9FDD-45EF-A70D-92FBA2A3DDAF}.Release|x86.ActiveCfg = Release|Win32
		{B40D43C6-9FDD-45EF-A70D-92FBA2A3DDAF}.Release|x86.Build.0 = Release|Win32
		{1E6500DD-C3FF-4588-B09A-5524A5C8CA48}.Debug|x64.ActiveCfg = Debug|x64
		{1E6500DD-C3FF-4588-B09A-5524A5C8CA48}.Debug|x64.Build.0 = Debug|x64
		{1E6500DD-C3FF-4588-B09A-5524A5C8CA48}.Debug|x86.ActiveCfg = Debug|Win32
		{1E6500DD-C3FF-4588-B09A-5524A5C8CA48}.Debug|x86.Build.0 = Debug|Win32
		{1E6500DD-C3FF-4588-B09A-5524A5C8CA48}.Release|x64.ActiveCfg = Release|x64
		{1E6500DD-C3FF-4588-B09A-5524A5C8CA48}.Release|x64.Build.0 = Release|x64
		{1E6500DD-C3FF-4588-B09A-5524A5C8CA48}.Release|x86.ActiveCfg = Release|Win32
		{1E6500DD-C3FF-4588-B09A-5524A5C8CA48}.Release|x86.Build.0 = Release|Win32
	EndGlobalSection
	GlobalSection(SolutionProperties) = preSolution
		HideSolutionNode = FALSE
	EndGlobalSection
	GlobalSection(ExtensibilityGlobals) = postSolution
		SolutionGuid = {9B2E09CD-07B7-429C-A2FF-68E29C57EFF9}
	EndGlobalSection
EndGlobal
